
Microsoft Visual Studio Solution File, Format Version 12.00
# Visual Studio Version 16
VisualStudioVersion = 16.0.31019.35
MinimumVisualStudioVersion = 10.0.40219.1
Project("{FAE04EC0-301F-11D3-BF4B-00C04F79EFBC}") = "BehaviorDriverDevelopment.Service", "BehaviorDriverDevelopment.Service\BehaviorDriverDevelopment.Service.csproj", "{1E01E025-281E-4BD9-A0A5-7ACD7482E024}"
EndProject
Project("{FAE04EC0-301F-11D3-BF4B-00C04F79EFBC}") = "BehaviorDrivenDevelopment.Tests.Behavior", "BehaviorDrivenDevelopment.Tests.Behavior\BehaviorDrivenDevelopment.Tests.Behavior.csproj", "{A3A042EF-A824-40DB-82BB-7B9B0571EBF5}"
EndProject
Global
	GlobalSection(SolutionConfigurationPlatforms) = preSolution
		Debug|Any CPU = Debug|Any CPU
		Release|Any CPU = Release|Any CPU
	EndGlobalSection
	GlobalSection(ProjectConfigurationPlatforms) = postSolution
		{1E01E025-281E-4BD9-A0A5-7ACD7482E024}.Debug|Any CPU.ActiveCfg = Debug|Any CPU
		{1E01E025-281E-4BD9-A0A5-7ACD7482E024}.Debug|Any CPU.Build.0 = Debug|Any CPU
		{1E01E025-281E-4BD9-A0A5-7ACD7482E024}.Release|Any CPU.ActiveCfg = Release|Any CPU
		{1E01E025-281E-4BD9-A0A5-7ACD7482E024}.Release|Any CPU.Build.0 = Release|Any CPU
		{A3A042EF-A824-40DB-82BB-7B9B0571EBF5}.Debug|Any CPU.ActiveCfg = Debug|Any CPU
		{A3A042EF-A824-40DB-82BB-7B9B0571EBF5}.Debug|Any CPU.Build.0 = Debug|Any CPU
		{A3A042EF-A824-40DB-82BB-7B9B0571EBF5}.Release|Any CPU.ActiveCfg = Release|Any CPU
		{A3A042EF-A824-40DB-82BB-7B9B0571EBF5}.Release|Any CPU.Build.0 = Release|Any CPU
	EndGlobalSection
	GlobalSection(SolutionProperties) = preSolution
		HideSolutionNode = FALSE
	EndGlobalSection
	GlobalSection(ExtensibilityGlobals) = postSolution
		SolutionGuid = {8783A7D9-CD0A-4B63-BDE8-D4659A74E053}
	EndGlobalSection
EndGlobal
